
Microsoft Visual Studio Solution File, Format Version 12.00
# Visual Studio Version 17
VisualStudioVersion = 17.6.33801.468
MinimumVisualStudioVersion = 10.0.40219.1
Project("{FAE04EC0-301F-11D3-BF4B-00C04F79EFBC}") = "TodoAppBackend", "TodoAppBackend\TodoAppBackend.csproj", "{99E13260-BF65-4833-9DA9-6E1E69A8CE34}"
EndProject
Global
	GlobalSection(SolutionConfigurationPlatforms) = preSolution
		Debug|Any CPU = Debug|Any CPU
		Release|Any CPU = Release|Any CPU
	EndGlobalSection
	GlobalSection(ProjectConfigurationPlatforms) = postSolution
		{99E13260-BF65-4833-9DA9-6E1E69A8CE34}.Debug|Any CPU.ActiveCfg = Debug|Any CPU
		{99E13260-BF65-4833-9DA9-6E1E69A8CE34}.Debug|Any CPU.Build.0 = Debug|Any CPU
		{99E13260-BF65-4833-9DA9-6E1E69A8CE34}.Release|Any CPU.ActiveCfg = Release|Any CPU
		{99E13260-BF65-4833-9DA9-6E1E69A8CE34}.Release|Any CPU.Build.0 = Release|Any CPU
	EndGlobalSection
	GlobalSection(SolutionProperties) = preSolution
		HideSolutionNode = FALSE
	EndGlobalSection
	GlobalSection(ExtensibilityGlobals) = postSolution
		SolutionGuid = {9107107B-F11C-4A7F-ACB0-C96D57E2E22A}
	EndGlobalSection
EndGlobal
